// !$*UTF8*$!
{
	archiveVersion = 1;
	classes = {
	};
	objectVersion = 50;
	objects = {

/* Begin PBXBuildFile section */
		29195784240D37A200564020 /* AppDelegate.swift in Sources */ = {isa = PBXBuildFile; fileRef = 29195783240D37A200564020 /* AppDelegate.swift */; };
		29195786240D37A200564020 /* SceneDelegate.swift in Sources */ = {isa = PBXBuildFile; fileRef = 29195785240D37A200564020 /* SceneDelegate.swift */; };
		29195788240D37A200564020 /* ContentView.swift in Sources */ = {isa = PBXBuildFile; fileRef = 29195787240D37A200564020 /* ContentView.swift */; };
		2919578A240D37A600564020 /* Assets.xcassets in Resources */ = {isa = PBXBuildFile; fileRef = 29195789240D37A600564020 /* Assets.xcassets */; };
		2919578D240D37A600564020 /* Preview Assets.xcassets in Resources */ = {isa = PBXBuildFile; fileRef = 2919578C240D37A600564020 /* Preview Assets.xcassets */; };
		29195790240D37A600564020 /* LaunchScreen.storyboard in Resources */ = {isa = PBXBuildFile; fileRef = 2919578E240D37A600564020 /* LaunchScreen.storyboard */; };
		2919579A240D387600564020 /* HomeView.swift in Sources */ = {isa = PBXBuildFile; fileRef = 29195799240D387600564020 /* HomeView.swift */; };
		2919579C240D389600564020 /* TaskListView.swift in Sources */ = {isa = PBXBuildFile; fileRef = 2919579B240D389600564020 /* TaskListView.swift */; };
		2919579E240D38B500564020 /* TaskItem.swift in Sources */ = {isa = PBXBuildFile; fileRef = 2919579D240D38B500564020 /* TaskItem.swift */; };
		291957A0240D3A5F00564020 /* TaskList.swift in Sources */ = {isa = PBXBuildFile; fileRef = 2919579F240D3A5F00564020 /* TaskList.swift */; };
		291957A4240D3AED00564020 /* Priority.swift in Sources */ = {isa = PBXBuildFile; fileRef = 291957A3240D3AED00564020 /* Priority.swift */; };
		291957A6240D3AFB00564020 /* RepeatAt.swift in Sources */ = {isa = PBXBuildFile; fileRef = 291957A5240D3AFB00564020 /* RepeatAt.swift */; };
		298FB8982419999B007F7624 /* HomeGadgetView.swift in Sources */ = {isa = PBXBuildFile; fileRef = 298FB8972419999B007F7624 /* HomeGadgetView.swift */; };
		298FB89B24199A97007F7624 /* HomeListItemView.swift in Sources */ = {isa = PBXBuildFile; fileRef = 298FB89A24199A97007F7624 /* HomeListItemView.swift */; };
		298FB89D24199BE4007F7624 /* HomeListView.swift in Sources */ = {isa = PBXBuildFile; fileRef = 298FB89C24199BE4007F7624 /* HomeListView.swift */; };
		298FB8A024199D4E007F7624 /* GadgetItemView.swift in Sources */ = {isa = PBXBuildFile; fileRef = 298FB89F24199D4E007F7624 /* GadgetItemView.swift */; };
		298FB8A2241A5951007F7624 /* TodayListView.swift in Sources */ = {isa = PBXBuildFile; fileRef = 298FB8A1241A5951007F7624 /* TodayListView.swift */; };
		298FB8A4241A5B14007F7624 /* Colorful.swift in Sources */ = {isa = PBXBuildFile; fileRef = 298FB8A3241A5B14007F7624 /* Colorful.swift */; };
/* End PBXBuildFile section */

/* Begin PBXFileReference section */
		29195780240D37A200564020 /* DoneIt.app */ = {isa = PBXFileReference; explicitFileType = wrapper.application; includeInIndex = 0; path = DoneIt.app; sourceTree = BUILT_PRODUCTS_DIR; };
		29195783240D37A200564020 /* AppDelegate.swift */ = {isa = PBXFileReference; lastKnownFileType = sourcecode.swift; path = AppDelegate.swift; sourceTree = "<group>"; };
		29195785240D37A200564020 /* SceneDelegate.swift */ = {isa = PBXFileReference; lastKnownFileType = sourcecode.swift; path = SceneDelegate.swift; sourceTree = "<group>"; };
		29195787240D37A200564020 /* ContentView.swift */ = {isa = PBXFileReference; lastKnownFileType = sourcecode.swift; path = ContentView.swift; sourceTree = "<group>"; };
		29195789240D37A600564020 /* Assets.xcassets */ = {isa = PBXFileReference; lastKnownFileType = folder.assetcatalog; path = Assets.xcassets; sourceTree = "<group>"; };
		2919578C240D37A600564020 /* Preview Assets.xcassets */ = {isa = PBXFileReference; lastKnownFileType = folder.assetcatalog; path = "Preview Assets.xcassets"; sourceTree = "<group>"; };
		2919578F240D37A600564020 /* Base */ = {isa = PBXFileReference; lastKnownFileType = file.storyboard; name = Base; path = Base.lproj/LaunchScreen.storyboard; sourceTree = "<group>"; };
		29195791240D37A600564020 /* Info.plist */ = {isa = PBXFileReference; lastKnownFileType = text.plist.xml; path = Info.plist; sourceTree = "<group>"; };
		29195799240D387600564020 /* HomeView.swift */ = {isa = PBXFileReference; lastKnownFileType = sourcecode.swift; path = HomeView.swift; sourceTree = "<group>"; };
		2919579B240D389600564020 /* TaskListView.swift */ = {isa = PBXFileReference; lastKnownFileType = sourcecode.swift; path = TaskListView.swift; sourceTree = "<group>"; };
		2919579D240D38B500564020 /* TaskItem.swift */ = {isa = PBXFileReference; lastKnownFileType = sourcecode.swift; path = TaskItem.swift; sourceTree = "<group>"; };
		2919579F240D3A5F00564020 /* TaskList.swift */ = {isa = PBXFileReference; lastKnownFileType = sourcecode.swift; path = TaskList.swift; sourceTree = "<group>"; };
		291957A3240D3AED00564020 /* Priority.swift */ = {isa = PBXFileReference; lastKnownFileType = sourcecode.swift; path = Priority.swift; sourceTree = "<group>"; };
		291957A5240D3AFB00564020 /* RepeatAt.swift */ = {isa = PBXFileReference; lastKnownFileType = sourcecode.swift; path = RepeatAt.swift; sourceTree = "<group>"; };
		298FB8972419999B007F7624 /* HomeGadgetView.swift */ = {isa = PBXFileReference; lastKnownFileType = sourcecode.swift; path = HomeGadgetView.swift; sourceTree = "<group>"; };
		298FB89A24199A97007F7624 /* HomeListItemView.swift */ = {isa = PBXFileReference; lastKnownFileType = sourcecode.swift; path = HomeListItemView.swift; sourceTree = "<group>"; };
		298FB89C24199BE4007F7624 /* HomeListView.swift */ = {isa = PBXFileReference; lastKnownFileType = sourcecode.swift; path = HomeListView.swift; sourceTree = "<group>"; };
		298FB89F24199D4E007F7624 /* GadgetItemView.swift */ = {isa = PBXFileReference; lastKnownFileType = sourcecode.swift; path = GadgetItemView.swift; sourceTree = "<group>"; };
		298FB8A1241A5951007F7624 /* TodayListView.swift */ = {isa = PBXFileReference; lastKnownFileType = sourcecode.swift; path = TodayListView.swift; sourceTree = "<group>"; };
		298FB8A3241A5B14007F7624 /* Colorful.swift */ = {isa = PBXFileReference; lastKnownFileType = sourcecode.swift; path = Colorful.swift; sourceTree = "<group>"; };
/* End PBXFileReference section */

/* Begin PBXFrameworksBuildPhase section */
		2919577D240D37A200564020 /* Frameworks */ = {
			isa = PBXFrameworksBuildPhase;
			buildActionMask = 2147483647;
			files = (
			);
			runOnlyForDeploymentPostprocessing = 0;
		};
/* End PBXFrameworksBuildPhase section */

/* Begin PBXGroup section */
		29195777240D37A200564020 = {
			isa = PBXGroup;
			children = (
				29195782240D37A200564020 /* DoneIt */,
				29195781240D37A200564020 /* Products */,
			);
			sourceTree = "<group>";
		};
		29195781240D37A200564020 /* Products */ = {
			isa = PBXGroup;
			children = (
				29195780240D37A200564020 /* DoneIt.app */,
			);
			name = Products;
			sourceTree = "<group>";
		};
		29195782240D37A200564020 /* DoneIt */ = {
			isa = PBXGroup;
			children = (
				291957A1240D3AD500564020 /* Utils */,
				29195798240D384200564020 /* View */,
				29195797240D383500564020 /* Model */,
				29195783240D37A200564020 /* AppDelegate.swift */,
				29195785240D37A200564020 /* SceneDelegate.swift */,
				29195787240D37A200564020 /* ContentView.swift */,
				29195789240D37A600564020 /* Assets.xcassets */,
				2919578E240D37A600564020 /* LaunchScreen.storyboard */,
				29195791240D37A600564020 /* Info.plist */,
				2919578B240D37A600564020 /* Preview Content */,
			);
			path = DoneIt;
			sourceTree = "<group>";
		};
		2919578B240D37A600564020 /* Preview Content */ = {
			isa = PBXGroup;
			children = (
				2919578C240D37A600564020 /* Preview Assets.xcassets */,
			);
			path = "Preview Content";
			sourceTree = "<group>";
		};
		29195797240D383500564020 /* Model */ = {
			isa = PBXGroup;
			children = (
				2919579D240D38B500564020 /* TaskItem.swift */,
				2919579F240D3A5F00564020 /* TaskList.swift */,
			);
			path = Model;
			sourceTree = "<group>";
		};
		29195798240D384200564020 /* View */ = {
			isa = PBXGroup;
			children = (
				298FB89924199A71007F7624 /* Home */,
				2919579B240D389600564020 /* TaskListView.swift */,
				298FB8A1241A5951007F7624 /* TodayListView.swift */,
			);
			path = View;
			sourceTree = "<group>";
		};
		291957A1240D3AD500564020 /* Utils */ = {
			isa = PBXGroup;
			children = (
				291957A2240D3AE200564020 /* Enums */,
				298FB8A3241A5B14007F7624 /* Colorful.swift */,
			);
			path = Utils;
			sourceTree = "<group>";
		};
		291957A2240D3AE200564020 /* Enums */ = {
			isa = PBXGroup;
			children = (
				291957A3240D3AED00564020 /* Priority.swift */,
				291957A5240D3AFB00564020 /* RepeatAt.swift */,
			);
			path = Enums;
			sourceTree = "<group>";
		};
		298FB89924199A71007F7624 /* Home */ = {
			isa = PBXGroup;
			children = (
				298FB89E24199D33007F7624 /* Gadget */,
				29195799240D387600564020 /* HomeView.swift */,
				298FB89A24199A97007F7624 /* HomeListItemView.swift */,
				298FB89C24199BE4007F7624 /* HomeListView.swift */,
			);
			path = Home;
			sourceTree = "<group>";
		};
		298FB89E24199D33007F7624 /* Gadget */ = {
			isa = PBXGroup;
			children = (
				298FB8972419999B007F7624 /* HomeGadgetView.swift */,
				298FB89F24199D4E007F7624 /* GadgetItemView.swift */,
			);
			path = Gadget;
			sourceTree = "<group>";
		};
/* End PBXGroup section */

/* Begin PBXNativeTarget section */
		2919577F240D37A200564020 /* DoneIt */ = {
			isa = PBXNativeTarget;
			buildConfigurationList = 29195794240D37A600564020 /* Build configuration list for PBXNativeTarget "DoneIt" */;
			buildPhases = (
				2919577C240D37A200564020 /* Sources */,
				2919577D240D37A200564020 /* Frameworks */,
				2919577E240D37A200564020 /* Resources */,
			);
			buildRules = (
			);
			dependencies = (
			);
			name = DoneIt;
			productName = DoneIt;
			productReference = 29195780240D37A200564020 /* DoneIt.app */;
			productType = "com.apple.product-type.application";
		};
/* End PBXNativeTarget section */

/* Begin PBXProject section */
		29195778240D37A200564020 /* Project object */ = {
			isa = PBXProject;
			attributes = {
				LastSwiftUpdateCheck = 1130;
				LastUpgradeCheck = 1130;
				ORGANIZATIONNAME = "Gabriel Taques";
				TargetAttributes = {
					2919577F240D37A200564020 = {
						CreatedOnToolsVersion = 11.3.1;
					};
				};
			};
			buildConfigurationList = 2919577B240D37A200564020 /* Build configuration list for PBXProject "DoneIt" */;
			compatibilityVersion = "Xcode 9.3";
			developmentRegion = en;
			hasScannedForEncodings = 0;
			knownRegions = (
				en,
				Base,
			);
			mainGroup = 29195777240D37A200564020;
			productRefGroup = 29195781240D37A200564020 /* Products */;
			projectDirPath = "";
			projectRoot = "";
			targets = (
				2919577F240D37A200564020 /* DoneIt */,
			);
		};
/* End PBXProject section */

/* Begin PBXResourcesBuildPhase section */
		2919577E240D37A200564020 /* Resources */ = {
			isa = PBXResourcesBuildPhase;
			buildActionMask = 2147483647;
			files = (
				29195790240D37A600564020 /* LaunchScreen.storyboard in Resources */,
				2919578D240D37A600564020 /* Preview Assets.xcassets in Resources */,
				2919578A240D37A600564020 /* Assets.xcassets in Resources */,
			);
			runOnlyForDeploymentPostprocessing = 0;
		};
/* End PBXResourcesBuildPhase section */

/* Begin PBXSourcesBuildPhase section */
		2919577C240D37A200564020 /* Sources */ = {
			isa = PBXSourcesBuildPhase;
			buildActionMask = 2147483647;
			files = (
				29195784240D37A200564020 /* AppDelegate.swift in Sources */,
				298FB89B24199A97007F7624 /* HomeListItemView.swift in Sources */,
				2919579A240D387600564020 /* HomeView.swift in Sources */,
				291957A0240D3A5F00564020 /* TaskList.swift in Sources */,
				298FB8982419999B007F7624 /* HomeGadgetView.swift in Sources */,
				291957A4240D3AED00564020 /* Priority.swift in Sources */,
				291957A6240D3AFB00564020 /* RepeatAt.swift in Sources */,
				2919579C240D389600564020 /* TaskListView.swift in Sources */,
				29195786240D37A200564020 /* SceneDelegate.swift in Sources */,
				298FB89D24199BE4007F7624 /* HomeListView.swift in Sources */,
				298FB8A024199D4E007F7624 /* GadgetItemView.swift in Sources */,
				2919579E240D38B500564020 /* TaskItem.swift in Sources */,
				298FB8A2241A5951007F7624 /* TodayListView.swift in Sources */,
				298FB8A4241A5B14007F7624 /* Colorful.swift in Sources */,
				29195788240D37A200564020 /* ContentView.swift in Sources */,
			);
			runOnlyForDeploymentPostprocessing = 0;
		};
/* End PBXSourcesBuildPhase section */

/* Begin PBXVariantGroup section */
		2919578E240D37A600564020 /* LaunchScreen.storyboard */ = {
			isa = PBXVariantGroup;
			children = (
				2919578F240D37A600564020 /* Base */,
			);
			name = LaunchScreen.storyboard;
			sourceTree = "<group>";
		};
/* End PBXVariantGroup section */

/* Begin XCBuildConfiguration section */
		29195792240D37A600564020 /* Debug */ = {
			isa = XCBuildConfiguration;
			buildSettings = {
				ALWAYS_SEARCH_USER_PATHS = NO;
				CLANG_ANALYZER_NONNULL = YES;
				CLANG_ANALYZER_NUMBER_OBJECT_CONVERSION = YES_AGGRESSIVE;
				CLANG_CXX_LANGUAGE_STANDARD = "gnu++14";
				CLANG_CXX_LIBRARY = "libc++";
				CLANG_ENABLE_MODULES = YES;
				CLANG_ENABLE_OBJC_ARC = YES;
				CLANG_ENABLE_OBJC_WEAK = YES;
				CLANG_WARN_BLOCK_CAPTURE_AUTORELEASING = YES;
				CLANG_WARN_BOOL_CONVERSION = YES;
				CLANG_WARN_COMMA = YES;
				CLANG_WARN_CONSTANT_CONVERSION = YES;
				CLANG_WARN_DEPRECATED_OBJC_IMPLEMENTATIONS = YES;
				CLANG_WARN_DIRECT_OBJC_ISA_USAGE = YES_ERROR;
				CLANG_WARN_DOCUMENTATION_COMMENTS = YES;
				CLANG_WARN_EMPTY_BODY = YES;
				CLANG_WARN_ENUM_CONVERSION = YES;
				CLANG_WARN_INFINITE_RECURSION = YES;
				CLANG_WARN_INT_CONVERSION = YES;
				CLANG_WARN_NON_LITERAL_NULL_CONVERSION = YES;
				CLANG_WARN_OBJC_IMPLICIT_RETAIN_SELF = YES;
				CLANG_WARN_OBJC_LITERAL_CONVERSION = YES;
				CLANG_WARN_OBJC_ROOT_CLASS = YES_ERROR;
				CLANG_WARN_RANGE_LOOP_ANALYSIS = YES;
				CLANG_WARN_STRICT_PROTOTYPES = YES;
				CLANG_WARN_SUSPICIOUS_MOVE = YES;
				CLANG_WARN_UNGUARDED_AVAILABILITY = YES_AGGRESSIVE;
				CLANG_WARN_UNREACHABLE_CODE = YES;
				CLANG_WARN__DUPLICATE_METHOD_MATCH = YES;
				COPY_PHASE_STRIP = NO;
				DEBUG_INFORMATION_FORMAT = dwarf;
				ENABLE_STRICT_OBJC_MSGSEND = YES;
				ENABLE_TESTABILITY = YES;
				GCC_C_LANGUAGE_STANDARD = gnu11;
				GCC_DYNAMIC_NO_PIC = NO;
				GCC_NO_COMMON_BLOCKS = YES;
				GCC_OPTIMIZATION_LEVEL = 0;
				GCC_PREPROCESSOR_DEFINITIONS = (
					"DEBUG=1",
					"$(inherited)",
				);
				GCC_WARN_64_TO_32_BIT_CONVERSION = YES;
				GCC_WARN_ABOUT_RETURN_TYPE = YES_ERROR;
				GCC_WARN_UNDECLARED_SELECTOR = YES;
				GCC_WARN_UNINITIALIZED_AUTOS = YES_AGGRESSIVE;
				GCC_WARN_UNUSED_FUNCTION = YES;
				GCC_WARN_UNUSED_VARIABLE = YES;
				IPHONEOS_DEPLOYMENT_TARGET = 13.2;
				MTL_ENABLE_DEBUG_INFO = INCLUDE_SOURCE;
				MTL_FAST_MATH = YES;
				ONLY_ACTIVE_ARCH = YES;
				SDKROOT = iphoneos;
				SWIFT_ACTIVE_COMPILATION_CONDITIONS = DEBUG;
				SWIFT_OPTIMIZATION_LEVEL = "-Onone";
			};
			name = Debug;
		};
		29195793240D37A600564020 /* Release */ = {
			isa = XCBuildConfiguration;
			buildSettings = {
				ALWAYS_SEARCH_USER_PATHS = NO;
				CLANG_ANALYZER_NONNULL = YES;
				CLANG_ANALYZER_NUMBER_OBJECT_CONVERSION = YES_AGGRESSIVE;
				CLANG_CXX_LANGUAGE_STANDARD = "gnu++14";
				CLANG_CXX_LIBRARY = "libc++";
				CLANG_ENABLE_MODULES = YES;
				CLANG_ENABLE_OBJC_ARC = YES;
				CLANG_ENABLE_OBJC_WEAK = YES;
				CLANG_WARN_BLOCK_CAPTURE_AUTORELEASING = YES;
				CLANG_WARN_BOOL_CONVERSION = YES;
				CLANG_WARN_COMMA = YES;
				CLANG_WARN_CONSTANT_CONVERSION = YES;
				CLANG_WARN_DEPRECATED_OBJC_IMPLEMENTATIONS = YES;
				CLANG_WARN_DIRECT_OBJC_ISA_USAGE = YES_ERROR;
				CLANG_WARN_DOCUMENTATION_COMMENTS = YES;
				CLANG_WARN_EMPTY_BODY = YES;
				CLANG_WARN_ENUM_CONVERSION = YES;
				CLANG_WARN_INFINITE_RECURSION = YES;
				CLANG_WARN_INT_CONVERSION = YES;
				CLANG_WARN_NON_LITERAL_NULL_CONVERSION = YES;
				CLANG_WARN_OBJC_IMPLICIT_RETAIN_SELF = YES;
				CLANG_WARN_OBJC_LITERAL_CONVERSION = YES;
				CLANG_WARN_OBJC_ROOT_CLASS = YES_ERROR;
				CLANG_WARN_RANGE_LOOP_ANALYSIS = YES;
				CLANG_WARN_STRICT_PROTOTYPES = YES;
				CLANG_WARN_SUSPICIOUS_MOVE = YES;
				CLANG_WARN_UNGUARDED_AVAILABILITY = YES_AGGRESSIVE;
				CLANG_WARN_UNREACHABLE_CODE = YES;
				CLANG_WARN__DUPLICATE_METHOD_MATCH = YES;
				COPY_PHASE_STRIP = NO;
				DEBUG_INFORMATION_FORMAT = "dwarf-with-dsym";
				ENABLE_NS_ASSERTIONS = NO;
				ENABLE_STRICT_OBJC_MSGSEND = YES;
				GCC_C_LANGUAGE_STANDARD = gnu11;
				GCC_NO_COMMON_BLOCKS = YES;
				GCC_WARN_64_TO_32_BIT_CONVERSION = YES;
				GCC_WARN_ABOUT_RETURN_TYPE = YES_ERROR;
				GCC_WARN_UNDECLARED_SELECTOR = YES;
				GCC_WARN_UNINITIALIZED_AUTOS = YES_AGGRESSIVE;
				GCC_WARN_UNUSED_FUNCTION = YES;
				GCC_WARN_UNUSED_VARIABLE = YES;
				IPHONEOS_DEPLOYMENT_TARGET = 13.2;
				MTL_ENABLE_DEBUG_INFO = NO;
				MTL_FAST_MATH = YES;
				SDKROOT = iphoneos;
				SWIFT_COMPILATION_MODE = wholemodule;
				SWIFT_OPTIMIZATION_LEVEL = "-O";
				VALIDATE_PRODUCT = YES;
			};
			name = Release;
		};
		29195795240D37A600564020 /* Debug */ = {
			isa = XCBuildConfiguration;
			buildSettings = {
				ASSETCATALOG_COMPILER_APPICON_NAME = AppIcon;
				CODE_SIGN_STYLE = Automatic;
				DEVELOPMENT_ASSET_PATHS = "\"DoneIt/Preview Content\"";
				DEVELOPMENT_TEAM = Z9M62WF3J6;
				ENABLE_PREVIEWS = YES;
				INFOPLIST_FILE = DoneIt/Info.plist;
				LD_RUNPATH_SEARCH_PATHS = (
					"$(inherited)",
					"@executable_path/Frameworks",
				);
				PRODUCT_BUNDLE_IDENTIFIER = com.taquesboringcompany.DoneIt;
				PRODUCT_NAME = "$(TARGET_NAME)";
				SWIFT_VERSION = 5.0;
				TARGETED_DEVICE_FAMILY = "1,2";
			};
			name = Debug;
		};
		29195796240D37A600564020 /* Release */ = {
			isa = XCBuildConfiguration;
			buildSettings = {
				ASSETCATALOG_COMPILER_APPICON_NAME = AppIcon;
				CODE_SIGN_STYLE = Automatic;
				DEVELOPMENT_ASSET_PATHS = "\"DoneIt/Preview Content\"";
				DEVELOPMENT_TEAM = Z9M62WF3J6;
				ENABLE_PREVIEWS = YES;
				INFOPLIST_FILE = DoneIt/Info.plist;
				LD_RUNPATH_SEARCH_PATHS = (
					"$(inherited)",
					"@executable_path/Frameworks",
				);
				PRODUCT_BUNDLE_IDENTIFIER = com.taquesboringcompany.DoneIt;
				PRODUCT_NAME = "$(TARGET_NAME)";
				SWIFT_VERSION = 5.0;
				TARGETED_DEVICE_FAMILY = "1,2";
			};
			name = Release;
		};
/* End XCBuildConfiguration section */

/* Begin XCConfigurationList section */
		2919577B240D37A200564020 /* Build configuration list for PBXProject "DoneIt" */ = {
			isa = XCConfigurationList;
			buildConfigurations = (
				29195792240D37A600564020 /* Debug */,
				29195793240D37A600564020 /* Release */,
			);
			defaultConfigurationIsVisible = 0;
			defaultConfigurationName = Release;
		};
		29195794240D37A600564020 /* Build configuration list for PBXNativeTarget "DoneIt" */ = {
			isa = XCConfigurationList;
			buildConfigurations = (
				29195795240D37A600564020 /* Debug */,
				29195796240D37A600564020 /* Release */,
			);
			defaultConfigurationIsVisible = 0;
			defaultConfigurationName = Release;
		};
/* End XCConfigurationList section */
	};
	rootObject = 29195778240D37A200564020 /* Project object */;
}
